
Microsoft Visual Studio Solution File, Format Version 12.00
# Visual Studio 15
VisualStudioVersion = 15.0.27428.2005
MinimumVisualStudioVersion = 10.0.40219.1
Project("{FAE04EC0-301F-11D3-BF4B-00C04F79EFBC}") = "Payment.Android", "Payment\Payment.Android\Payment.Android.csproj", "{D9B82768-5540-4D30-8E19-A37E8E88AF60}"
EndProject
Project("{FAE04EC0-301F-11D3-BF4B-00C04F79EFBC}") = "Payment.iOS", "Payment\Payment.iOS\Payment.iOS.csproj", "{B0ECAC67-87C1-4819-8045-B7D1D0E63C7D}"
EndProject
Project("{FAE04EC0-301F-11D3-BF4B-00C04F79EFBC}") = "Payment.UWP", "Payment\Payment.UWP\Payment.UWP.csproj", "{E59D4C9D-0FFB-4E7A-B46E-ED0CD25D1ABC}"
EndProject
Project("{FAE04EC0-301F-11D3-BF4B-00C04F79EFBC}") = "Payment", "Payment\Payment\Payment.csproj", "{ECA28A96-2656-4013-A6EF-B5214A4F6691}"
EndProject
Global
	GlobalSection(SolutionConfigurationPlatforms) = preSolution
		Ad-Hoc|Any CPU = Ad-Hoc|Any CPU
		Ad-Hoc|ARM = Ad-Hoc|ARM
		Ad-Hoc|iPhone = Ad-Hoc|iPhone
		Ad-Hoc|iPhoneSimulator = Ad-Hoc|iPhoneSimulator
		Ad-Hoc|x64 = Ad-Hoc|x64
		Ad-Hoc|x86 = Ad-Hoc|x86
		AppStore|Any CPU = AppStore|Any CPU
		AppStore|ARM = AppStore|ARM
		AppStore|iPhone = AppStore|iPhone
		AppStore|iPhoneSimulator = AppStore|iPhoneSimulator
		AppStore|x64 = AppStore|x64
		AppStore|x86 = AppStore|x86
		Debug|Any CPU = Debug|Any CPU
		Debug|ARM = Debug|ARM
		Debug|iPhone = Debug|iPhone
		Debug|iPhoneSimulator = Debug|iPhoneSimulator
		Debug|x64 = Debug|x64
		Debug|x86 = Debug|x86
		Release|Any CPU = Release|Any CPU
		Release|ARM = Release|ARM
		Release|iPhone = Release|iPhone
		Release|iPhoneSimulator = Release|iPhoneSimulator
		Release|x64 = Release|x64
		Release|x86 = Release|x86
	EndGlobalSection
	GlobalSection(ProjectConfigurationPlatforms) = postSolution
		{D9B82768-5540-4D30-8E19-A37E8E88AF60}.Ad-Hoc|Any CPU.ActiveCfg = Release|Any CPU
		{D9B82768-5540-4D30-8E19-A37E8E88AF60}.Ad-Hoc|Any CPU.Build.0 = Release|Any CPU
		{D9B82768-5540-4D30-8E19-A37E8E88AF60}.Ad-Hoc|Any CPU.Deploy.0 = Release|Any CPU
		{D9B82768-5540-4D30-8E19-A37E8E88AF60}.Ad-Hoc|ARM.ActiveCfg = Release|Any CPU
		{D9B82768-5540-4D30-8E19-A37E8E88AF60}.Ad-Hoc|ARM.Build.0 = Release|Any CPU
		{D9B82768-5540-4D30-8E19-A37E8E88AF60}.Ad-Hoc|ARM.Deploy.0 = Release|Any CPU
		{D9B82768-5540-4D30-8E19-A37E8E88AF60}.Ad-Hoc|iPhone.ActiveCfg = Release|Any CPU
		{D9B82768-5540-4D30-8E19-A37E8E88AF60}.Ad-Hoc|iPhone.Build.0 = Release|Any CPU
		{D9B82768-5540-4D30-8E19-A37E8E88AF60}.Ad-Hoc|iPhone.Deploy.0 = Release|Any CPU
		{D9B82768-5540-4D30-8E19-A37E8E88AF60}.Ad-Hoc|iPhoneSimulator.ActiveCfg = Release|Any CPU
		{D9B82768-5540-4D30-8E19-A37E8E88AF60}.Ad-Hoc|iPhoneSimulator.Build.0 = Release|Any CPU
		{D9B82768-5540-4D30-8E19-A37E8E88AF60}.Ad-Hoc|iPhoneSimulator.Deploy.0 = Release|Any CPU
		{D9B82768-5540-4D30-8E19-A37E8E88AF60}.Ad-Hoc|x64.ActiveCfg = Release|Any CPU
		{D9B82768-5540-4D30-8E19-A37E8E88AF60}.Ad-Hoc|x64.Build.0 = Release|Any CPU
		{D9B82768-5540-4D30-8E19-A37E8E88AF60}.Ad-Hoc|x64.Deploy.0 = Release|Any CPU
		{D9B82768-5540-4D30-8E19-A37E8E88AF60}.Ad-Hoc|x86.ActiveCfg = Release|Any CPU
		{D9B82768-5540-4D30-8E19-A37E8E88AF60}.Ad-Hoc|x86.Build.0 = Release|Any CPU
		{D9B82768-5540-4D30-8E19-A37E8E88AF60}.Ad-Hoc|x86.Deploy.0 = Release|Any CPU
		{D9B82768-5540-4D30-8E19-A37E8E88AF60}.AppStore|Any CPU.ActiveCfg = Release|Any CPU
		{D9B82768-5540-4D30-8E19-A37E8E88AF60}.AppStore|Any CPU.Build.0 = Release|Any CPU
		{D9B82768-5540-4D30-8E19-A37E8E88AF60}.AppStore|Any CPU.Deploy.0 = Release|Any CPU
		{D9B82768-5540-4D30-8E19-A37E8E88AF60}.AppStore|ARM.ActiveCfg = Release|Any CPU
		{D9B82768-5540-4D30-8E19-A37E8E88AF60}.AppStore|ARM.Build.0 = Release|Any CPU
		{D9B82768-5540-4D30-8E19-A37E8E88AF60}.AppStore|ARM.Deploy.0 = Release|Any CPU
		{D9B82768-5540-4D30-8E19-A37E8E88AF60}.AppStore|iPhone.ActiveCfg = Release|Any CPU
		{D9B82768-5540-4D30-8E19-A37E8E88AF60}.AppStore|iPhone.Build.0 = Release|Any CPU
		{D9B82768-5540-4D30-8E19-A37E8E88AF60}.AppStore|iPhone.Deploy.0 = Release|Any CPU
		{D9B82768-5540-4D30-8E19-A37E8E88AF60}.AppStore|iPhoneSimulator.ActiveCfg = Release|Any CPU
		{D9B82768-5540-4D30-8E19-A37E8E88AF60}.AppStore|iPhoneSimulator.Build.0 = Release|Any CPU
		{D9B82768-5540-4D30-8E19-A37E8E88AF60}.AppStore|iPhoneSimulator.Deploy.0 = Release|Any CPU
		{D9B82768-5540-4D30-8E19-A37E8E88AF60}.AppStore|x64.ActiveCfg = Release|Any CPU
		{D9B82768-5540-4D30-8E19-A37E8E88AF60}.AppStore|x64.Build.0 = Release|Any CPU
		{D9B82768-5540-4D30-8E19-A37E8E88AF60}.AppStore|x64.Deploy.0 = Release|Any CPU
		{D9B82768-5540-4D30-8E19-A37E8E88AF60}.AppStore|x86.ActiveCfg = Release|Any CPU
		{D9B82768-5540-4D30-8E19-A37E8E88AF60}.AppStore|x86.Build.0 = Release|Any CPU
		{D9B82768-5540-4D30-8E19-A37E8E88AF60}.AppStore|x86.Deploy.0 = Release|Any CPU
		{D9B82768-5540-4D30-8E19-A37E8E88AF60}.Debug|Any CPU.ActiveCfg = Debug|Any CPU
		{D9B82768-5540-4D30-8E19-A37E8E88AF60}.Debug|Any CPU.Build.0 = Debug|Any CPU
		{D9B82768-5540-4D30-8E19-A37E8E88AF60}.Debug|Any CPU.Deploy.0 = Debug|Any CPU
		{D9B82768-5540-4D30-8E19-A37E8E88AF60}.Debug|ARM.ActiveCfg = Debug|Any CPU
		{D9B82768-5540-4D30-8E19-A37E8E88AF60}.Debug|ARM.Build.0 = Debug|Any CPU
		{D9B82768-5540-4D30-8E19-A37E8E88AF60}.Debug|ARM.Deploy.0 = Debug|Any CPU
		{D9B82768-5540-4D30-8E19-A37E8E88AF60}.Debug|iPhone.ActiveCfg = Debug|Any CPU
		{D9B82768-5540-4D30-8E19-A37E8E88AF60}.Debug|iPhone.Build.0 = Debug|Any CPU
		{D9B82768-5540-4D30-8E19-A37E8E88AF60}.Debug|iPhone.Deploy.0 = Debug|Any CPU
		{D9B82768-5540-4D30-8E19-A37E8E88AF60}.Debug|iPhoneSimulator.ActiveCfg = Debug|Any CPU
		{D9B82768-5540-4D30-8E19-A37E8E88AF60}.Debug|iPhoneSimulator.Build.0 = Debug|Any CPU
		{D9B82768-5540-4D30-8E19-A37E8E88AF60}.Debug|iPhoneSimulator.Deploy.0 = Debug|Any CPU
		{D9B82768-5540-4D30-8E19-A37E8E88AF60}.Debug|x64.ActiveCfg = Debug|Any CPU
		{D9B82768-5540-4D30-8E19-A37E8E88AF60}.Debug|x64.Build.0 = Debug|Any CPU
		{D9B82768-5540-4D30-8E19-A37E8E88AF60}.Debug|x64.Deploy.0 = Debug|Any CPU
		{D9B82768-5540-4D30-8E19-A37E8E88AF60}.Debug|x86.ActiveCfg = Debug|Any CPU
		{D9B82768-5540-4D30-8E19-A37E8E88AF60}.Debug|x86.Build.0 = Debug|Any CPU
		{D9B82768-5540-4D30-8E19-A37E8E88AF60}.Debug|x86.Deploy.0 = Debug|Any CPU
		{D9B82768-5540-4D30-8E19-A37E8E88AF60}.Release|Any CPU.ActiveCfg = Release|Any CPU
		{D9B82768-5540-4D30-8E19-A37E8E88AF60}.Release|Any CPU.Build.0 = Release|Any CPU
		{D9B82768-5540-4D30-8E19-A37E8E88AF60}.Release|Any CPU.Deploy.0 = Release|Any CPU
		{D9B82768-5540-4D30-8E19-A37E8E88AF60}.Release|ARM.ActiveCfg = Release|Any CPU
		{D9B82768-5540-4D30-8E19-A37E8E88AF60}.Release|ARM.Build.0 = Release|Any CPU
		{D9B82768-5540-4D30-8E19-A37E8E88AF60}.Release|ARM.Deploy.0 = Release|Any CPU
		{D9B82768-5540-4D30-8E19-A37E8E88AF60}.Release|iPhone.ActiveCfg = Release|Any CPU
		{D9B82768-5540-4D30-8E19-A37E8E88AF60}.Release|iPhone.Build.0 = Release|Any CPU
		{D9B82768-5540-4D30-8E19-A37E8E88AF60}.Release|iPhone.Deploy.0 = Release|Any CPU
		{D9B82768-5540-4D30-8E19-A37E8E88AF60}.Release|iPhoneSimulator.ActiveCfg = Release|Any CPU
		{D9B82768-5540-4D30-8E19-A37E8E88AF60}.Release|iPhoneSimulator.Build.0 = Release|Any CPU
		{D9B82768-5540-4D30-8E19-A37E8E88AF60}.Release|iPhoneSimulator.Deploy.0 = Release|Any CPU
		{D9B82768-5540-4D30-8E19-A37E8E88AF60}.Release|x64.ActiveCfg = Release|Any CPU
		{D9B82768-5540-4D30-8E19-A37E8E88AF60}.Release|x64.Build.0 = Release|Any CPU
		{D9B82768-5540-4D30-8E19-A37E8E88AF60}.Release|x64.Deploy.0 = Release|Any CPU
		{D9B82768-5540-4D30-8E19-A37E8E88AF60}.Release|x86.ActiveCfg = Release|Any CPU
		{D9B82768-5540-4D30-8E19-A37E8E88AF60}.Release|x86.Build.0 = Release|Any CPU
		{D9B82768-5540-4D30-8E19-A37E8E88AF60}.Release|x86.Deploy.0 = Release|Any CPU
		{B0ECAC67-87C1-4819-8045-B7D1D0E63C7D}.Ad-Hoc|Any CPU.ActiveCfg = Ad-Hoc|iPhone
		{B0ECAC67-87C1-4819-8045-B7D1D0E63C7D}.Ad-Hoc|ARM.ActiveCfg = Ad-Hoc|iPhone
		{B0ECAC67-87C1-4819-8045-B7D1D0E63C7D}.Ad-Hoc|iPhone.ActiveCfg = Ad-Hoc|iPhone
		{B0ECAC67-87C1-4819-8045-B7D1D0E63C7D}.Ad-Hoc|iPhone.Build.0 = Ad-Hoc|iPhone
		{B0ECAC67-87C1-4819-8045-B7D1D0E63C7D}.Ad-Hoc|iPhoneSimulator.ActiveCfg = Ad-Hoc|iPhoneSimulator
		{B0ECAC67-87C1-4819-8045-B7D1D0E63C7D}.Ad-Hoc|iPhoneSimulator.Build.0 = Ad-Hoc|iPhoneSimulator
		{B0ECAC67-87C1-4819-8045-B7D1D0E63C7D}.Ad-Hoc|x64.ActiveCfg = Ad-Hoc|iPhone
		{B0ECAC67-87C1-4819-8045-B7D1D0E63C7D}.Ad-Hoc|x86.ActiveCfg = Ad-Hoc|iPhone
		{B0ECAC67-87C1-4819-8045-B7D1D0E63C7D}.AppStore|Any CPU.ActiveCfg = AppStore|iPhone
		{B0ECAC67-87C1-4819-8045-B7D1D0E63C7D}.AppStore|ARM.ActiveCfg = AppStore|iPhone
		{B0ECAC67-87C1-4819-8045-B7D1D0E63C7D}.AppStore|iPhone.ActiveCfg = AppStore|iPhone
		{B0ECAC67-87C1-4819-8045-B7D1D0E63C7D}.AppStore|iPhone.Build.0 = AppStore|iPhone
		{B0ECAC67-87C1-4819-8045-B7D1D0E63C7D}.AppStore|iPhoneSimulator.ActiveCfg = AppStore|iPhoneSimulator
		{B0ECAC67-87C1-4819-8045-B7D1D0E63C7D}.AppStore|iPhoneSimulator.Build.0 = AppStore|iPhoneSimulator
		{B0ECAC67-87C1-4819-8045-B7D1D0E63C7D}.AppStore|x64.ActiveCfg = AppStore|iPhone
		{B0ECAC67-87C1-4819-8045-B7D1D0E63C7D}.AppStore|x86.ActiveCfg = AppStore|iPhone
		{B0ECAC67-87C1-4819-8045-B7D1D0E63C7D}.Debug|Any CPU.ActiveCfg = Debug|iPhone
		{B0ECAC67-87C1-4819-8045-B7D1D0E63C7D}.Debug|ARM.ActiveCfg = Debug|iPhone
		{B0ECAC67-87C1-4819-8045-B7D1D0E63C7D}.Debug|iPhone.ActiveCfg = Debug|iPhone
		{B0ECAC67-87C1-4819-8045-B7D1D0E63C7D}.Debug|iPhone.Build.0 = Debug|iPhone
		{B0ECAC67-87C1-4819-8045-B7D1D0E63C7D}.Debug|iPhoneSimulator.ActiveCfg = Debug|iPhoneSimulator
		{B0ECAC67-87C1-4819-8045-B7D1D0E63C7D}.Debug|iPhoneSimulator.Build.0 = Debug|iPhoneSimulator
		{B0ECAC67-87C1-4819-8045-B7D1D0E63C7D}.Debug|x64.ActiveCfg = Debug|iPhone
		{B0ECAC67-87C1-4819-8045-B7D1D0E63C7D}.Debug|x86.ActiveCfg = Debug|iPhone
		{B0ECAC67-87C1-4819-8045-B7D1D0E63C7D}.Release|Any CPU.ActiveCfg = Release|iPhone
		{B0ECAC67-87C1-4819-8045-B7D1D0E63C7D}.Release|ARM.ActiveCfg = Release|iPhone
		{B0ECAC67-87C1-4819-8045-B7D1D0E63C7D}.Release|iPhone.ActiveCfg = Release|iPhone
		{B0ECAC67-87C1-4819-8045-B7D1D0E63C7D}.Release|iPhone.Build.0 = Release|iPhone
		{B0ECAC67-87C1-4819-8045-B7D1D0E63C7D}.Release|iPhoneSimulator.ActiveCfg = Release|iPhoneSimulator
		{B0ECAC67-87C1-4819-8045-B7D1D0E63C7D}.Release|iPhoneSimulator.Build.0 = Release|iPhoneSimulator
		{B0ECAC67-87C1-4819-8045-B7D1D0E63C7D}.Release|x64.ActiveCfg = Release|iPhone
		{B0ECAC67-87C1-4819-8045-B7D1D0E63C7D}.Release|x86.ActiveCfg = Release|iPhone
		{E59D4C9D-0FFB-4E7A-B46E-ED0CD25D1ABC}.Ad-Hoc|Any CPU.ActiveCfg = Release|x86
		{E59D4C9D-0FFB-4E7A-B46E-ED0CD25D1ABC}.Ad-Hoc|Any CPU.Build.0 = Release|x86
		{E59D4C9D-0FFB-4E7A-B46E-ED0CD25D1ABC}.Ad-Hoc|Any CPU.Deploy.0 = Release|x86
		{E59D4C9D-0FFB-4E7A-B46E-ED0CD25D1ABC}.Ad-Hoc|ARM.ActiveCfg = Release|ARM
		{E59D4C9D-0FFB-4E7A-B46E-ED0CD25D1ABC}.Ad-Hoc|ARM.Build.0 = Release|ARM
		{E59D4C9D-0FFB-4E7A-B46E-ED0CD25D1ABC}.Ad-Hoc|ARM.Deploy.0 = Release|ARM
		{E59D4C9D-0FFB-4E7A-B46E-ED0CD25D1ABC}.Ad-Hoc|iPhone.ActiveCfg = Release|x86
		{E59D4C9D-0FFB-4E7A-B46E-ED0CD25D1ABC}.Ad-Hoc|iPhone.Build.0 = Release|x86
		{E59D4C9D-0FFB-4E7A-B46E-ED0CD25D1ABC}.Ad-Hoc|iPhone.Deploy.0 = Release|x86
		{E59D4C9D-0FFB-4E7A-B46E-ED0CD25D1ABC}.Ad-Hoc|iPhoneSimulator.ActiveCfg = Release|x86
		{E59D4C9D-0FFB-4E7A-B46E-ED0CD25D1ABC}.Ad-Hoc|iPhoneSimulator.Build.0 = Release|x86
		{E59D4C9D-0FFB-4E7A-B46E-ED0CD25D1ABC}.Ad-Hoc|iPhoneSimulator.Deploy.0 = Release|x86
		{E59D4C9D-0FFB-4E7A-B46E-ED0CD25D1ABC}.Ad-Hoc|x64.ActiveCfg = Release|x64
		{E59D4C9D-0FFB-4E7A-B46E-ED0CD25D1ABC}.Ad-Hoc|x64.Build.0 = Release|x64
		{E59D4C9D-0FFB-4E7A-B46E-ED0CD25D1ABC}.Ad-Hoc|x64.Deploy.0 = Release|x64
		{E59D4C9D-0FFB-4E7A-B46E-ED0CD25D1ABC}.Ad-Hoc|x86.ActiveCfg = Release|x86
		{E59D4C9D-0FFB-4E7A-B46E-ED0CD25D1ABC}.Ad-Hoc|x86.Build.0 = Release|x86
		{E59D4C9D-0FFB-4E7A-B46E-ED0CD25D1ABC}.Ad-Hoc|x86.Deploy.0 = Release|x86
		{E59D4C9D-0FFB-4E7A-B46E-ED0CD25D1ABC}.AppStore|Any CPU.ActiveCfg = Release|x86
		{E59D4C9D-0FFB-4E7A-B46E-ED0CD25D1ABC}.AppStore|Any CPU.Build.0 = Release|x86
		{E59D4C9D-0FFB-4E7A-B46E-ED0CD25D1ABC}.AppStore|Any CPU.Deploy.0 = Release|x86
		{E59D4C9D-0FFB-4E7A-B46E-ED0CD25D1ABC}.AppStore|ARM.ActiveCfg = Release|ARM
		{E59D4C9D-0FFB-4E7A-B46E-ED0CD25D1ABC}.AppStore|ARM.Build.0 = Release|ARM
		{E59D4C9D-0FFB-4E7A-B46E-ED0CD25D1ABC}.AppStore|ARM.Deploy.0 = Release|ARM
		{E59D4C9D-0FFB-4E7A-B46E-ED0CD25D1ABC}.AppStore|iPhone.ActiveCfg = Release|x86
		{E59D4C9D-0FFB-4E7A-B46E-ED0CD25D1ABC}.AppStore|iPhone.Build.0 = Release|x86
		{E59D4C9D-0FFB-4E7A-B46E-ED0CD25D1ABC}.AppStore|iPhone.Deploy.0 = Release|x86
		{E59D4C9D-0FFB-4E7A-B46E-ED0CD25D1ABC}.AppStore|iPhoneSimulator.ActiveCfg = Release|x86
		{E59D4C9D-0FFB-4E7A-B46E-ED0CD25D1ABC}.AppStore|iPhoneSimulator.Build.0 = Release|x86
		{E59D4C9D-0FFB-4E7A-B46E-ED0CD25D1ABC}.AppStore|iPhoneSimulator.Deploy.0 = Release|x86
		{E59D4C9D-0FFB-4E7A-B46E-ED0CD25D1ABC}.AppStore|x64.ActiveCfg = Release|x64
		{E59D4C9D-0FFB-4E7A-B46E-ED0CD25D1ABC}.AppStore|x64.Build.0 = Release|x64
		{E59D4C9D-0FFB-4E7A-B46E-ED0CD25D1ABC}.AppStore|x64.Deploy.0 = Release|x64
		{E59D4C9D-0FFB-4E7A-B46E-ED0CD25D1ABC}.AppStore|x86.ActiveCfg = Release|x86
		{E59D4C9D-0FFB-4E7A-B46E-ED0CD25D1ABC}.AppStore|x86.Build.0 = Release|x86
		{E59D4C9D-0FFB-4E7A-B46E-ED0CD25D1ABC}.AppStore|x86.Deploy.0 = Release|x86
		{E59D4C9D-0FFB-4E7A-B46E-ED0CD25D1ABC}.Debug|Any CPU.ActiveCfg = Debug|x86
		{E59D4C9D-0FFB-4E7A-B46E-ED0CD25D1ABC}.Debug|ARM.ActiveCfg = Debug|ARM
		{E59D4C9D-0FFB-4E7A-B46E-ED0CD25D1ABC}.Debug|ARM.Build.0 = Debug|ARM
		{E59D4C9D-0FFB-4E7A-B46E-ED0CD25D1ABC}.Debug|ARM.Deploy.0 = Debug|ARM
		{E59D4C9D-0FFB-4E7A-B46E-ED0CD25D1ABC}.Debug|iPhone.ActiveCfg = Debug|x86
		{E59D4C9D-0FFB-4E7A-B46E-ED0CD25D1ABC}.Debug|iPhoneSimulator.ActiveCfg = Debug|x86
		{E59D4C9D-0FFB-4E7A-B46E-ED0CD25D1ABC}.Debug|x64.ActiveCfg = Debug|x64
		{E59D4C9D-0FFB-4E7A-B46E-ED0CD25D1ABC}.Debug|x64.Build.0 = Debug|x64
		{E59D4C9D-0FFB-4E7A-B46E-ED0CD25D1ABC}.Debug|x64.Deploy.0 = Debug|x64
		{E59D4C9D-0FFB-4E7A-B46E-ED0CD25D1ABC}.Debug|x86.ActiveCfg = Debug|x86
		{E59D4C9D-0FFB-4E7A-B46E-ED0CD25D1ABC}.Debug|x86.Build.0 = Debug|x86
		{E59D4C9D-0FFB-4E7A-B46E-ED0CD25D1ABC}.Debug|x86.Deploy.0 = Debug|x86
		{E59D4C9D-0FFB-4E7A-B46E-ED0CD25D1ABC}.Release|Any CPU.ActiveCfg = Release|x86
		{E59D4C9D-0FFB-4E7A-B46E-ED0CD25D1ABC}.Release|ARM.ActiveCfg = Release|ARM
		{E59D4C9D-0FFB-4E7A-B46E-ED0CD25D1ABC}.Release|ARM.Build.0 = Release|ARM
		{E59D4C9D-0FFB-4E7A-B46E-ED0CD25D1ABC}.Release|ARM.Deploy.0 = Release|ARM
		{E59D4C9D-0FFB-4E7A-B46E-ED0CD25D1ABC}.Release|iPhone.ActiveCfg = Release|x86
		{E59D4C9D-0FFB-4E7A-B46E-ED0CD25D1ABC}.Release|iPhoneSimulator.ActiveCfg = Release|x86
		{E59D4C9D-0FFB-4E7A-B46E-ED0CD25D1ABC}.Release|x64.ActiveCfg = Release|x64
		{E59D4C9D-0FFB-4E7A-B46E-ED0CD25D1ABC}.Release|x64.Build.0 = Release|x64
		{E59D4C9D-0FFB-4E7A-B46E-ED0CD25D1ABC}.Release|x64.Deploy.0 = Release|x64
		{E59D4C9D-0FFB-4E7A-B46E-ED0CD25D1ABC}.Release|x86.ActiveCfg = Release|x86
		{E59D4C9D-0FFB-4E7A-B46E-ED0CD25D1ABC}.Release|x86.Build.0 = Release|x86
		{E59D4C9D-0FFB-4E7A-B46E-ED0CD25D1ABC}.Release|x86.Deploy.0 = Release|x86
		{ECA28A96-2656-4013-A6EF-B5214A4F6691}.Ad-Hoc|Any CPU.ActiveCfg = Debug|Any CPU
		{ECA28A96-2656-4013-A6EF-B5214A4F6691}.Ad-Hoc|Any CPU.Build.0 = Debug|Any CPU
		{ECA28A96-2656-4013-A6EF-B5214A4F6691}.Ad-Hoc|ARM.ActiveCfg = Debug|Any CPU
		{ECA28A96-2656-4013-A6EF-B5214A4F6691}.Ad-Hoc|ARM.Build.0 = Debug|Any CPU
		{ECA28A96-2656-4013-A6EF-B5214A4F6691}.Ad-Hoc|iPhone.ActiveCfg = Debug|Any CPU
		{ECA28A96-2656-4013-A6EF-B5214A4F6691}.Ad-Hoc|iPhone.Build.0 = Debug|Any CPU
		{ECA28A96-2656-4013-A6EF-B5214A4F6691}.Ad-Hoc|iPhoneSimulator.ActiveCfg = Debug|Any CPU
		{ECA28A96-2656-4013-A6EF-B5214A4F6691}.Ad-Hoc|iPhoneSimulator.Build.0 = Debug|Any CPU
		{ECA28A96-2656-4013-A6EF-B5214A4F6691}.Ad-Hoc|x64.ActiveCfg = Debug|Any CPU
		{ECA28A96-2656-4013-A6EF-B5214A4F6691}.Ad-Hoc|x64.Build.0 = Debug|Any CPU
		{ECA28A96-2656-4013-A6EF-B5214A4F6691}.Ad-Hoc|x86.ActiveCfg = Debug|Any CPU
		{ECA28A96-2656-4013-A6EF-B5214A4F6691}.Ad-Hoc|x86.Build.0 = Debug|Any CPU
		{ECA28A96-2656-4013-A6EF-B5214A4F6691}.AppStore|Any CPU.ActiveCfg = Debug|Any CPU
		{ECA28A96-2656-4013-A6EF-B5214A4F6691}.AppStore|Any CPU.Build.0 = Debug|Any CPU
		{ECA28A96-2656-4013-A6EF-B5214A4F6691}.AppStore|ARM.ActiveCfg = Debug|Any CPU
		{ECA28A96-2656-4013-A6EF-B5214A4F6691}.AppStore|ARM.Build.0 = Debug|Any CPU
		{ECA28A96-2656-4013-A6EF-B5214A4F6691}.AppStore|iPhone.ActiveCfg = Debug|Any CPU
		{ECA28A96-2656-4013-A6EF-B5214A4F6691}.AppStore|iPhone.Build.0 = Debug|Any CPU
		{ECA28A96-2656-4013-A6EF-B5214A4F6691}.AppStore|iPhoneSimulator.ActiveCfg = Debug|Any CPU
		{ECA28A96-2656-4013-A6EF-B5214A4F6691}.AppStore|iPhoneSimulator.Build.0 = Debug|Any CPU
		{ECA28A96-2656-4013-A6EF-B5214A4F6691}.AppStore|x64.ActiveCfg = Debug|Any CPU
		{ECA28A96-2656-4013-A6EF-B5214A4F6691}.AppStore|x64.Build.0 = Debug|Any CPU
		{ECA28A96-2656-4013-A6EF-B5214A4F6691}.AppStore|x86.ActiveCfg = Debug|Any CPU
		{ECA28A96-2656-4013-A6EF-B5214A4F6691}.AppStore|x86.Build.0 = Debug|Any CPU
		{ECA28A96-2656-4013-A6EF-B5214A4F6691}.Debug|Any CPU.ActiveCfg = Debug|Any CPU
		{ECA28A96-2656-4013-A6EF-B5214A4F6691}.Debug|Any CPU.Build.0 = Debug|Any CPU
		{ECA28A96-2656-4013-A6EF-B5214A4F6691}.Debug|ARM.ActiveCfg = Debug|Any CPU
		{ECA28A96-2656-4013-A6EF-B5214A4F6691}.Debug|ARM.Build.0 = Debug|Any CPU
		{ECA28A96-2656-4013-A6EF-B5214A4F6691}.Debug|iPhone.ActiveCfg = Debug|Any CPU
		{ECA28A96-2656-4013-A6EF-B5214A4F6691}.Debug|iPhone.Build.0 = Debug|Any CPU
		{ECA28A96-2656-4013-A6EF-B5214A4F6691}.Debug|iPhoneSimulator.ActiveCfg = Debug|Any CPU
		{ECA28A96-2656-4013-A6EF-B5214A4F6691}.Debug|iPhoneSimulator.Build.0 = Debug|Any CPU
		{ECA28A96-2656-4013-A6EF-B5214A4F6691}.Debug|x64.ActiveCfg = Debug|Any CPU
		{ECA28A96-2656-4013-A6EF-B5214A4F6691}.Debug|x64.Build.0 = Debug|Any CPU
		{ECA28A96-2656-4013-A6EF-B5214A4F6691}.Debug|x86.ActiveCfg = Debug|Any CPU
		{ECA28A96-2656-4013-A6EF-B5214A4F6691}.Debug|x86.Build.0 = Debug|Any CPU
		{ECA28A96-2656-4013-A6EF-B5214A4F6691}.Release|Any CPU.ActiveCfg = Release|Any CPU
		{ECA28A96-2656-4013-A6EF-B5214A4F6691}.Release|Any CPU.Build.0 = Release|Any CPU
		{ECA28A96-2656-4013-A6EF-B5214A4F6691}.Release|ARM.ActiveCfg = Release|Any CPU
		{ECA28A96-2656-4013-A6EF-B5214A4F6691}.Release|ARM.Build.0 = Release|Any CPU
		{ECA28A96-2656-4013-A6EF-B5214A4F6691}.Release|iPhone.ActiveCfg = Release|Any CPU
		{ECA28A96-2656-4013-A6EF-B5214A4F6691}.Release|iPhone.Build.0 = Release|Any CPU
		{ECA28A96-2656-4013-A6EF-B5214A4F6691}.Release|iPhoneSimulator.ActiveCfg = Release|Any CPU
		{ECA28A96-2656-4013-A6EF-B5214A4F6691}.Release|iPhoneSimulator.Build.0 = Release|Any CPU
		{ECA28A96-2656-4013-A6EF-B5214A4F6691}.Release|x64.ActiveCfg = Release|Any CPU
		{ECA28A96-2656-4013-A6EF-B5214A4F6691}.Release|x64.Build.0 = Release|Any CPU
		{ECA28A96-2656-4013-A6EF-B5214A4F6691}.Release|x86.ActiveCfg = Release|Any CPU
		{ECA28A96-2656-4013-A6EF-B5214A4F6691}.Release|x86.Build.0 = Release|Any CPU
	EndGlobalSection
	GlobalSection(SolutionProperties) = preSolution
		HideSolutionNode = FALSE
	EndGlobalSection
	GlobalSection(ExtensibilityGlobals) = postSolution
		SolutionGuid = {ECE11A13-1457-486D-ACEF-42A65E8649B4}
	EndGlobalSection
EndGlobal
